
Microsoft Visual Studio Solution File, Format Version 12.00
# Visual Studio Version 16
VisualStudioVersion = 16.0.31624.102
MinimumVisualStudioVersion = 10.0.40219.1
Project("{FAE04EC0-301F-11D3-BF4B-00C04F79EFBC}") = "ClassMethodDemo", "ClassMethodDemo\ClassMethodDemo.csproj", "{2DA6D9EA-94B9-4E17-B0CD-278E772D9BDA}"
EndProject
Global
	GlobalSection(SolutionConfigurationPlatforms) = preSolution
		Debug|Any CPU = Debug|Any CPU
		Release|Any CPU = Release|Any CPU
	EndGlobalSection
	GlobalSection(ProjectConfigurationPlatforms) = postSolution
		{2DA6D9EA-94B9-4E17-B0CD-278E772D9BDA}.Debug|Any CPU.ActiveCfg = Debug|Any CPU
		{2DA6D9EA-94B9-4E17-B0CD-278E772D9BDA}.Debug|Any CPU.Build.0 = Debug|Any CPU
		{2DA6D9EA-94B9-4E17-B0CD-278E772D9BDA}.Release|Any CPU.ActiveCfg = Release|Any CPU
		{2DA6D9EA-94B9-4E17-B0CD-278E772D9BDA}.Release|Any CPU.Build.0 = Release|Any CPU
	EndGlobalSection
	GlobalSection(SolutionProperties) = preSolution
		HideSolutionNode = FALSE
	EndGlobalSection
	GlobalSection(ExtensibilityGlobals) = postSolution
		SolutionGuid = {54594DB1-54A4-4132-945F-D4CD0C1793A6}
	EndGlobalSection
EndGlobal
